
Microsoft Visual Studio Solution File, Format Version 12.00
# Visual Studio 14
VisualStudioVersion = 14.0.23107.0
MinimumVisualStudioVersion = 10.0.40219.1
Project("{FAE04EC0-301F-11D3-BF4B-00C04F79EFBC}") = "NHibernate.AutoMigration", "NHibernate.AutoMigration\NHibernate.AutoMigration.csproj", "{A1D90B1E-ED4D-43E9-9EF0-A3B29D29B56F}"
EndProject
Project("{2150E333-8FDC-42A3-9474-1A3956D46DE8}") = "Tests", "Tests", "{C7C980B4-3384-490E-93F0-2F5D3A0033E3}"
EndProject
Project("{FAE04EC0-301F-11D3-BF4B-00C04F79EFBC}") = "NHibernate.AutoMigration.Test", "NHibernate.AutoMigration.Test\NHibernate.AutoMigration.Test.csproj", "{F60090D5-A643-4C28-A8C5-B94583DF13F9}"
EndProject
Global
	GlobalSection(SolutionConfigurationPlatforms) = preSolution
		Debug|Any CPU = Debug|Any CPU
		Release|Any CPU = Release|Any CPU
	EndGlobalSection
	GlobalSection(ProjectConfigurationPlatforms) = postSolution
		{A1D90B1E-ED4D-43E9-9EF0-A3B29D29B56F}.Debug|Any CPU.ActiveCfg = Debug|Any CPU
		{A1D90B1E-ED4D-43E9-9EF0-A3B29D29B56F}.Debug|Any CPU.Build.0 = Debug|Any CPU
		{A1D90B1E-ED4D-43E9-9EF0-A3B29D29B56F}.Release|Any CPU.ActiveCfg = Release|Any CPU
		{A1D90B1E-ED4D-43E9-9EF0-A3B29D29B56F}.Release|Any CPU.Build.0 = Release|Any CPU
		{F60090D5-A643-4C28-A8C5-B94583DF13F9}.Debug|Any CPU.ActiveCfg = Debug|Any CPU
		{F60090D5-A643-4C28-A8C5-B94583DF13F9}.Debug|Any CPU.Build.0 = Debug|Any CPU
		{F60090D5-A643-4C28-A8C5-B94583DF13F9}.Release|Any CPU.ActiveCfg = Release|Any CPU
		{F60090D5-A643-4C28-A8C5-B94583DF13F9}.Release|Any CPU.Build.0 = Release|Any CPU
	EndGlobalSection
	GlobalSection(SolutionProperties) = preSolution
		HideSolutionNode = FALSE
	EndGlobalSection
	GlobalSection(NestedProjects) = preSolution
		{F60090D5-A643-4C28-A8C5-B94583DF13F9} = {C7C980B4-3384-490E-93F0-2F5D3A0033E3}
	EndGlobalSection
EndGlobal
